
Microsoft Visual Studio Solution File, Format Version 12.00
# Visual Studio Version 16
VisualStudioVersion = 16.0.32228.343
MinimumVisualStudioVersion = 10.0.40219.1
Project("{FAE04EC0-301F-11D3-BF4B-00C04F79EFBC}") = "StudentForm", "StudentForm\StudentForm.csproj", "{16B811D2-8885-4803-B9C9-43268B9B00D4}"
EndProject
Global
	GlobalSection(SolutionConfigurationPlatforms) = preSolution
		Debug|Any CPU = Debug|Any CPU
		Release|Any CPU = Release|Any CPU
	EndGlobalSection
	GlobalSection(ProjectConfigurationPlatforms) = postSolution
		{16B811D2-8885-4803-B9C9-43268B9B00D4}.Debug|Any CPU.ActiveCfg = Debug|Any CPU
		{16B811D2-8885-4803-B9C9-43268B9B00D4}.Debug|Any CPU.Build.0 = Debug|Any CPU
		{16B811D2-8885-4803-B9C9-43268B9B00D4}.Release|Any CPU.ActiveCfg = Release|Any CPU
		{16B811D2-8885-4803-B9C9-43268B9B00D4}.Release|Any CPU.Build.0 = Release|Any CPU
	EndGlobalSection
	GlobalSection(SolutionProperties) = preSolution
		HideSolutionNode = FALSE
	EndGlobalSection
	GlobalSection(ExtensibilityGlobals) = postSolution
		SolutionGuid = {14054BDA-4206-4E71-8B78-95C105066CE4}
	EndGlobalSection
EndGlobal
